
Microsoft Visual Studio Solution File, Format Version 12.00
# Visual Studio Version 17
VisualStudioVersion = 17.7.34024.191
MinimumVisualStudioVersion = 10.0.40219.1
Project("{F184B08F-C81C-45F6-A57F-5ABD9991F28F}") = "Attendence", "Attendence.vbproj", "{89E5657C-C31C-4F6A-9520-A1302F9ECD8D}"
EndProject
Global
	GlobalSection(SolutionConfigurationPlatforms) = preSolution
		Debug|Any CPU = Debug|Any CPU
		Release|Any CPU = Release|Any CPU
	EndGlobalSection
	GlobalSection(ProjectConfigurationPlatforms) = postSolution
		{89E5657C-C31C-4F6A-9520-A1302F9ECD8D}.Debug|Any CPU.ActiveCfg = Debug|Any CPU
		{89E5657C-C31C-4F6A-9520-A1302F9ECD8D}.Debug|Any CPU.Build.0 = Debug|Any CPU
		{89E5657C-C31C-4F6A-9520-A1302F9ECD8D}.Release|Any CPU.ActiveCfg = Release|Any CPU
		{89E5657C-C31C-4F6A-9520-A1302F9ECD8D}.Release|Any CPU.Build.0 = Release|Any CPU
	EndGlobalSection
	GlobalSection(SolutionProperties) = preSolution
		HideSolutionNode = FALSE
	EndGlobalSection
	GlobalSection(ExtensibilityGlobals) = postSolution
		SolutionGuid = {4DF08A12-6305-4602-8CF2-68C59DB35358}
	EndGlobalSection
EndGlobal
